{
  "requires": true,
  "lockfileVersion": 1,
  "dependencies": {
    "dom-walk": {
      "version": "0.1.1",
      "resolved": "https://registry.npmjs.org/dom-walk/-/dom-walk-0.1.1.tgz",
      "integrity": "sha1-ZyIm3HTI95mtNTB9+TaroRrNYBg=",
      "dev": true
    },
    "git-cz": {
      "version": "3.2.1",
      "resolved": "https://registry.npmjs.org/git-cz/-/git-cz-3.2.1.tgz",
      "integrity": "sha512-w4t/bnQOqN4i3F9Se+xMppRX80UKtvyzfUGzRcaNPOL9S9sowZfvri6GkYhSUJTUkgU7MKTSCyalWbAWvDcRwA==",
      "dev": true,
      "requires": {
        "global": "^4.3.2"
      }
    },
    "global": {
      "version": "4.4.0",
      "resolved": "https://registry.npmjs.org/global/-/global-4.4.0.tgz",
      "integrity": "sha512-wv/LAoHdRE3BeTGz53FAamhGlPLhlssK45usmGFThIi4XqnBmjKQ16u+RNbP7WvigRZDxUsM0J3gcQ5yicaL0w==",
      "dev": true,
      "requires": {
        "min-document": "^2.19.0",
        "process": "^0.11.10"
      }
    },
    "min-document": {
      "version": "2.19.0",
      "resolved": "https://registry.npmjs.org/min-document/-/min-document-2.19.0.tgz",
      "integrity": "sha1-e9KC4/WELtKVu3SM3Z8f+iyCRoU=",
      "dev": true,
      "requires": {
        "dom-walk": "^0.1.0"
      }
    },
    "process": {
      "version": "0.11.10",
      "resolved": "https://registry.npmjs.org/process/-/process-0.11.10.tgz",
      "integrity": "sha1-czIwDoQBYb2j5podHZGn1LwW8YI=",
      "dev": true
    }
  }
}
